<?xml version="1.0" encoding="utf-8"?>
<Project ToolsVersion="4.0" xmlns="http://schemas.microsoft.com/developer/msbuild/2003">
  <ItemGroup>
    <Filter Include="Form Files">
      <UniqueIdentifier>{99349809-55BA-4b9d-BF79-8FDBB0286EB3}</UniqueIdentifier>
      <Extensions>ui</Extensions>
      <ParseFiles>false</ParseFiles>
    </Filter>
    <Filter Include="Form Files">
      <UniqueIdentifier>{99349809-55BA-4b9d-BF79-8FDBB0286EB3}</UniqueIdentifier>
      <Extensions>ui</Extensions>
      <ParseFiles>false</ParseFiles>
    </Filter>
    <Filter Include="Generated Files">
      <UniqueIdentifier>{71ED8ED8-ACB9-4CE9-BBE1-E00B30144E11}</UniqueIdentifier>
      <Extensions>cpp;c;cxx;moc;h;def;odl;idl;res;</Extensions>
    </Filter>
    <Filter Include="Header Files">
      <UniqueIdentifier>{93995380-89BD-4b04-88EB-625FBE52EBFB}</UniqueIdentifier>
      <Extensions>h;hpp;hxx;hm;inl;inc;xsd</Extensions>
    </Filter>
    <Filter Include="Header Files">
      <UniqueIdentifier>{93995380-89BD-4b04-88EB-625FBE52EBFB}</UniqueIdentifier>
      <Extensions>h;hpp;hxx;hm;inl;inc;xsd</Extensions>
    </Filter>
    <Filter Include="Source Files">
      <UniqueIdentifier>{4FC737F1-C7A5-4376-A066-2A32D752A2FF}</UniqueIdentifier>
      <Extensions>cpp;c;cxx;def;odl;idl;hpj;bat;asm;asmx</Extensions>
    </Filter>
    <Filter Include="Source Files">
      <UniqueIdentifier>{4FC737F1-C7A5-4376-A066-2A32D752A2FF}</UniqueIdentifier>
      <Extensions>cpp;c;cxx;def;odl;idl;hpj;bat;asm;asmx</Extensions>
    </Filter>
    <Filter Include="Resource Files">
      <UniqueIdentifier>{D9D6E242-F8AF-46E4-B9FD-80ECBC20BA3E}</UniqueIdentifier>
      <Extensions>qrc;*</Extensions>
      <ParseFiles>false</ParseFiles>
    </Filter>
    <Filter Include="Generated Files\Debug">
      <UniqueIdentifier>{b1335f6d-699a-4f73-bce2-bef5a10b505d}</UniqueIdentifier>
      <Extensions>cpp;moc</Extensions>
      <SourceControlFiles>False</SourceControlFiles>
    </Filter>
    <Filter Include="Generated Files\Release">
      <UniqueIdentifier>{c9f88e27-7c17-4f96-8b7e-ea9908839c65}</UniqueIdentifier>
      <Extensions>cpp;moc</Extensions>
      <SourceControlFiles>False</SourceControlFiles>
    </Filter>
  </ItemGroup>
  <ItemGroup>
    <ClCompile Include="main.cpp">
      <Filter>Source Files</Filter>
    </ClCompile>
    <ClCompile Include="QSQLDbHelper.cpp">
      <Filter>Source Files</Filter>
    </ClCompile>
    <ClCompile Include="GeneratedFiles\Debug\moc_cybele.cpp">
      <Filter>Generated Files\Debug</Filter>
    </ClCompile>
    <ClCompile Include="GeneratedFiles\Release\moc_cybele.cpp">
      <Filter>Generated Files\Release</Filter>
    </ClCompile>
    <ClCompile Include="cybele.cpp">
      <Filter>Source Files</Filter>
    </ClCompile>
    <ClCompile Include="GeneratedFiles\Debug\moc_File_loader_dialog.cpp">
      <Filter>Generated Files\Debug</Filter>
    </ClCompile>
    <ClCompile Include="GeneratedFiles\Release\moc_File_loader_dialog.cpp">
      <Filter>Generated Files\Release</Filter>
    </ClCompile>
    <ClCompile Include="GeneratedFiles\Debug\moc_Scene.cpp">
      <Filter>Generated Files\Debug</Filter>
    </ClCompile>
    <ClCompile Include="GeneratedFiles\Release\moc_Scene.cpp">
      <Filter>Generated Files\Release</Filter>
    </ClCompile>
    <ClCompile Include="GeneratedFiles\Debug\moc_Scene_item.cpp">
      <Filter>Generated Files\Debug</Filter>
    </ClCompile>
    <ClCompile Include="GeneratedFiles\Release\moc_Scene_item.cpp">
      <Filter>Generated Files\Release</Filter>
    </ClCompile>
    <ClCompile Include="GeneratedFiles\Debug\moc_Viewer.cpp">
      <Filter>Generated Files\Debug</Filter>
    </ClCompile>
    <ClCompile Include="GeneratedFiles\Release\moc_Viewer.cpp">
      <Filter>Generated Files\Release</Filter>
    </ClCompile>
    <ClCompile Include="GeneratedFiles\Debug\moc_Viewer_interface.cpp">
      <Filter>Generated Files\Debug</Filter>
    </ClCompile>
    <ClCompile Include="GeneratedFiles\Release\moc_Viewer_interface.cpp">
      <Filter>Generated Files\Release</Filter>
    </ClCompile>
    <ClCompile Include="..\..\Libraries\CGAL\demo\Polyhedron\Scene.cpp">
      <Filter>Source Files</Filter>
    </ClCompile>
    <ClCompile Include="..\..\Libraries\CGAL\demo\Polyhedron\Scene_item.cpp">
      <Filter>Source Files</Filter>
    </ClCompile>
    <ClCompile Include="..\..\Libraries\CGAL\demo\Polyhedron\Viewer.cpp">
      <Filter>Source Files</Filter>
    </ClCompile>
    <ClCompile Include="GeneratedFiles\qrc_Polyhedron_3.cpp">
      <Filter>Source Files</Filter>
    </ClCompile>
    <ClCompile Include="GeneratedFiles\qrc_Polyhedron_3.cpp">
      <Filter>Generated Files</Filter>
    </ClCompile>
    <ClCompile Include="GeneratedFiles\Debug\moc_dialogpatient.cpp">
      <Filter>Generated Files\Debug</Filter>
    </ClCompile>
    <ClCompile Include="GeneratedFiles\Release\moc_dialogpatient.cpp">
      <Filter>Generated Files\Release</Filter>
    </ClCompile>
    <ClCompile Include="dialogpatient.cpp">
      <Filter>Source Files</Filter>
    </ClCompile>
    <ClCompile Include="GeneratedFiles\Debug\moc_mainwindow.cpp">
      <Filter>Generated Files\Debug</Filter>
    </ClCompile>
    <ClCompile Include="GeneratedFiles\Release\moc_mainwindow.cpp">
      <Filter>Generated Files\Release</Filter>
    </ClCompile>
    <ClCompile Include="mainwindow.cpp">
      <Filter>Source Files</Filter>
    </ClCompile>
    <ClCompile Include="filters.cpp">
      <Filter>Source Files</Filter>
    </ClCompile>
    <ClCompile Include="reconstruction.cpp">
      <Filter>Source Files</Filter>
    </ClCompile>
    <ClCompile Include="..\..\Libraries\vcglib-1.0.1\wrap\ply\plylib.cpp">
      <Filter>Source Files</Filter>
    </ClCompile>
  </ItemGroup>
  <ItemGroup>
    <CustomBuild Include="..\..\..\..\..\..\Program Files\CGAL-4.7\demo\Polyhedron\FileLoaderDialog.ui">
      <Filter>Form Files</Filter>
    </CustomBuild>
    <CustomBuild Include="cgalwindow.ui">
      <Filter>Form Files</Filter>
    </CustomBuild>
    <CustomBuild Include="..\..\..\..\..\Program Files\CGAL-4.7\demo\Polyhedron\Preferences.ui">
      <Filter>Form Files</Filter>
    </CustomBuild>
    <CustomBuild Include="cybele.ui">
      <Filter>Form Files</Filter>
    </CustomBuild>
    <CustomBuild Include="cybele.h">
      <Filter>Header Files</Filter>
    </CustomBuild>
    <CustomBuild Include="..\..\Libraries\CGAL\demo\Polyhedron\File_loader_dialog.h">
      <Filter>Header Files</Filter>
    </CustomBuild>
    <CustomBuild Include="..\..\Libraries\CGAL\demo\Polyhedron\Scene_item.h">
      <Filter>Header Files</Filter>
    </CustomBuild>
    <CustomBuild Include="..\..\Libraries\CGAL\demo\Polyhedron\Scene.h">
      <Filter>Header Files</Filter>
    </CustomBuild>
    <CustomBuild Include="..\..\Libraries\CGAL\demo\Polyhedron\Viewer.h">
      <Filter>Header Files</Filter>
    </CustomBuild>
    <CustomBuild Include="..\..\Libraries\CGAL\demo\Polyhedron\CGAL_demo\Viewer_interface.h">
      <Filter>Header Files</Filter>
    </CustomBuild>
    <CustomBuild Include="Polyhedron_3.qrc">
      <Filter>Resource Files</Filter>
    </CustomBuild>
    <CustomBuild Include="dialogpatient.ui">
      <Filter>Form Files</Filter>
    </CustomBuild>
    <CustomBuild Include="dialogpatient.h">
      <Filter>Header Files</Filter>
    </CustomBuild>
    <CustomBuild Include="mainwindow.h">
      <Filter>Header Files</Filter>
    </CustomBuild>
    <CustomBuild Include="mainwindow.ui">
      <Filter>Form Files</Filter>
    </CustomBuild>
  </ItemGroup>
  <ItemGroup>
    <ClInclude Include="QSQLDbHelper.h">
      <Filter>Header Files</Filter>
    </ClInclude>
    <ClInclude Include="GeneratedFiles\ui_dialogpatient.h">
      <Filter>Generated Files</Filter>
    </ClInclude>
    <ClInclude Include="GeneratedFiles\ui_mainwindow.h">
      <Filter>Generated Files</Filter>
    </ClInclude>
    <ClInclude Include="filters.h">
      <Filter>Header Files</Filter>
    </ClInclude>
    <ClInclude Include="reconstruction.h">
      <Filter>Header Files</Filter>
    </ClInclude>
    <ClInclude Include="GeneratedFiles\ui_cybele.h">
      <Filter>Generated Files</Filter>
    </ClInclude>
  </ItemGroup>
  <ItemGroup>
    <None Include="..\..\..\..\kaptain eesikord\Documents\Daph\gold.json">
      <Filter>Resource Files</Filter>
    </None>
    <None Include="..\..\..\..\kaptain eesikord\Documents\Daph\pallet.json">
      <Filter>Resource Files</Filter>
    </None>
    <None Include="..\..\..\..\kaptain eesikord\Documents\Daph\rock.json">
      <Filter>Resource Files</Filter>
    </None>
    <None Include="..\..\..\..\kaptain eesikord\Documents\Daph\woodbox.json">
      <Filter>Resource Files</Filter>
    </None>
    <None Include="resources\cgal_logo.xpm">
      <Filter>Resource Files</Filter>
    </None>
    <None Include="resources\about.html">
      <Filter>Resource Files</Filter>
    </None>
    <None Include="resources\shader_with_light.v">
      <Filter>Resource Files</Filter>
    </None>
    <None Include="resources\shader_with_light.f">
      <Filter>Resource Files</Filter>
    </None>
    <None Include="resources\shader_without_light.f">
      <Filter>Resource Files</Filter>
    </None>
    <None Include="resources\shader_without_light.v">
      <Filter>Resource Files</Filter>
    </None>
    <None Include="resources\shader_with_texture.f">
      <Filter>Resource Files</Filter>
    </None>
    <None Include="resources\shader_with_textured_edges.f">
      <Filter>Resource Files</Filter>
    </None>
    <None Include="resources\shader_with_textured_edges.v">
      <Filter>Resource Files</Filter>
    </None>
    <None Include="resources\shader_with_texture.v">
      <Filter>Resource Files</Filter>
    </None>
    <None Include="resources\shader_instanced.v">
      <Filter>Resource Files</Filter>
    </None>
  </ItemGroup>
  <ItemGroup>
    <Image Include="..\..\..\..\kaptain eesikord\Documents\Daph\gold.jpg">
      <Filter>Resource Files</Filter>
    </Image>
    <Image Include="..\..\..\..\kaptain eesikord\Documents\Daph\pallet.jpg">
      <Filter>Resource Files</Filter>
    </Image>
    <Image Include="..\..\..\..\kaptain eesikord\Documents\Daph\rock.jpg">
      <Filter>Resource Files</Filter>
    </Image>
    <Image Include="..\..\..\..\kaptain eesikord\Documents\Daph\woodbox.jpg">
      <Filter>Resource Files</Filter>
    </Image>
    <Image Include="resources\boolean-union.png">
      <Filter>Resource Files</Filter>
    </Image>
    <Image Include="resources\kernel.png">
      <Filter>Resource Files</Filter>
    </Image>
    <Image Include="resources\boolean-diff.png">
      <Filter>Resource Files</Filter>
    </Image>
    <Image Include="resources\boolean-intersection.png">
      <Filter>Resource Files</Filter>
    </Image>
    <Image Include="resources\convex-hull.png">
      <Filter>Resource Files</Filter>
    </Image>
    <Image Include="resources\simplification.png">
      <Filter>Resource Files</Filter>
    </Image>
    <Image Include="resources\editcopy.png">
      <Filter>Resource Files</Filter>
    </Image>
    <Image Include="resources\check-on.png">
      <Filter>Resource Files</Filter>
    </Image>
    <Image Include="resources\plus.png">
      <Filter>Resource Files</Filter>
    </Image>
    <Image Include="resources\check-off.png">
      <Filter>Resource Files</Filter>
    </Image>
    <Image Include="resources\minus.png">
      <Filter>Resource Files</Filter>
    </Image>
  </ItemGroup>
</Project>